
Microsoft Visual Studio Solution File, Format Version 12.00
# Visual Studio 15
Project("{FAE04EC0-301F-11D3-BF4B-00C04F79EFBC}") = "TemperatureConverter.Android", "TemperatureConverter.Android\TemperatureConverter.Android.csproj", "{EC9BD731-893B-431F-BF41-005CEE0520CF}"
EndProject
Project("{FAE04EC0-301F-11D3-BF4B-00C04F79EFBC}") = "TemperatureConverter.iOS", "TemperatureConverter.iOS\TemperatureConverter.iOS.csproj", "{52B69B93-8D57-48DF-A9BE-EA2F2FC43B98}"
EndProject
Project("{FAE04EC0-301F-11D3-BF4B-00C04F79EFBC}") = "TemperatureConverter", "TemperatureConverter\TemperatureConverter.csproj", "{84B7B06D-E13A-4853-8E72-EEA3C8AB4A64}"
EndProject
Global
	GlobalSection(SolutionConfigurationPlatforms) = preSolution
		Debug|Any CPU = Debug|Any CPU
		Release|Any CPU = Release|Any CPU
		Debug|iPhoneSimulator = Debug|iPhoneSimulator
		Release|iPhoneSimulator = Release|iPhoneSimulator
		Debug|iPhone = Debug|iPhone
		Release|iPhone = Release|iPhone
		Ad-Hoc|iPhone = Ad-Hoc|iPhone
		AppStore|iPhone = AppStore|iPhone
	EndGlobalSection
	GlobalSection(ProjectConfigurationPlatforms) = postSolution
		{EC9BD731-893B-431F-BF41-005CEE0520CF}.Debug|Any CPU.ActiveCfg = Debug|Any CPU
		{EC9BD731-893B-431F-BF41-005CEE0520CF}.Debug|Any CPU.Build.0 = Debug|Any CPU
		{EC9BD731-893B-431F-BF41-005CEE0520CF}.Release|Any CPU.ActiveCfg = Release|Any CPU
		{EC9BD731-893B-431F-BF41-005CEE0520CF}.Release|Any CPU.Build.0 = Release|Any CPU
		{EC9BD731-893B-431F-BF41-005CEE0520CF}.Debug|iPhoneSimulator.ActiveCfg = Debug|Any CPU
		{EC9BD731-893B-431F-BF41-005CEE0520CF}.Debug|iPhoneSimulator.Build.0 = Debug|Any CPU
		{EC9BD731-893B-431F-BF41-005CEE0520CF}.Release|iPhoneSimulator.ActiveCfg = Release|Any CPU
		{EC9BD731-893B-431F-BF41-005CEE0520CF}.Release|iPhoneSimulator.Build.0 = Release|Any CPU
		{EC9BD731-893B-431F-BF41-005CEE0520CF}.Debug|iPhone.ActiveCfg = Debug|Any CPU
		{EC9BD731-893B-431F-BF41-005CEE0520CF}.Debug|iPhone.Build.0 = Debug|Any CPU
		{EC9BD731-893B-431F-BF41-005CEE0520CF}.Release|iPhone.ActiveCfg = Release|Any CPU
		{EC9BD731-893B-431F-BF41-005CEE0520CF}.Release|iPhone.Build.0 = Release|Any CPU
		{EC9BD731-893B-431F-BF41-005CEE0520CF}.Ad-Hoc|iPhone.ActiveCfg = Debug|Any CPU
		{EC9BD731-893B-431F-BF41-005CEE0520CF}.Ad-Hoc|iPhone.Build.0 = Debug|Any CPU
		{EC9BD731-893B-431F-BF41-005CEE0520CF}.AppStore|iPhone.ActiveCfg = Debug|Any CPU
		{EC9BD731-893B-431F-BF41-005CEE0520CF}.AppStore|iPhone.Build.0 = Debug|Any CPU
		{52B69B93-8D57-48DF-A9BE-EA2F2FC43B98}.Debug|Any CPU.ActiveCfg = Debug|iPhoneSimulator
		{52B69B93-8D57-48DF-A9BE-EA2F2FC43B98}.Debug|Any CPU.Build.0 = Debug|iPhoneSimulator
		{52B69B93-8D57-48DF-A9BE-EA2F2FC43B98}.Release|Any CPU.ActiveCfg = Release|iPhoneSimulator
		{52B69B93-8D57-48DF-A9BE-EA2F2FC43B98}.Release|Any CPU.Build.0 = Release|iPhoneSimulator
		{52B69B93-8D57-48DF-A9BE-EA2F2FC43B98}.Debug|iPhoneSimulator.ActiveCfg = Debug|iPhoneSimulator
		{52B69B93-8D57-48DF-A9BE-EA2F2FC43B98}.Debug|iPhoneSimulator.Build.0 = Debug|iPhoneSimulator
		{52B69B93-8D57-48DF-A9BE-EA2F2FC43B98}.Release|iPhoneSimulator.ActiveCfg = Release|iPhoneSimulator
		{52B69B93-8D57-48DF-A9BE-EA2F2FC43B98}.Release|iPhoneSimulator.Build.0 = Release|iPhoneSimulator
		{52B69B93-8D57-48DF-A9BE-EA2F2FC43B98}.Debug|iPhone.ActiveCfg = Debug|iPhone
		{52B69B93-8D57-48DF-A9BE-EA2F2FC43B98}.Debug|iPhone.Build.0 = Debug|iPhone
		{52B69B93-8D57-48DF-A9BE-EA2F2FC43B98}.Release|iPhone.ActiveCfg = Release|iPhone
		{52B69B93-8D57-48DF-A9BE-EA2F2FC43B98}.Release|iPhone.Build.0 = Release|iPhone
		{52B69B93-8D57-48DF-A9BE-EA2F2FC43B98}.Ad-Hoc|iPhone.ActiveCfg = Ad-Hoc|iPhone
		{52B69B93-8D57-48DF-A9BE-EA2F2FC43B98}.Ad-Hoc|iPhone.Build.0 = Ad-Hoc|iPhone
		{52B69B93-8D57-48DF-A9BE-EA2F2FC43B98}.AppStore|iPhone.ActiveCfg = AppStore|iPhone
		{52B69B93-8D57-48DF-A9BE-EA2F2FC43B98}.AppStore|iPhone.Build.0 = AppStore|iPhone
		{84B7B06D-E13A-4853-8E72-EEA3C8AB4A64}.Debug|Any CPU.ActiveCfg = Debug|Any CPU
		{84B7B06D-E13A-4853-8E72-EEA3C8AB4A64}.Debug|Any CPU.Build.0 = Debug|Any CPU
		{84B7B06D-E13A-4853-8E72-EEA3C8AB4A64}.Release|Any CPU.ActiveCfg = Release|Any CPU
		{84B7B06D-E13A-4853-8E72-EEA3C8AB4A64}.Release|Any CPU.Build.0 = Release|Any CPU
		{84B7B06D-E13A-4853-8E72-EEA3C8AB4A64}.Debug|iPhoneSimulator.ActiveCfg = Debug|Any CPU
		{84B7B06D-E13A-4853-8E72-EEA3C8AB4A64}.Debug|iPhoneSimulator.Build.0 = Debug|Any CPU
		{84B7B06D-E13A-4853-8E72-EEA3C8AB4A64}.Release|iPhoneSimulator.ActiveCfg = Release|Any CPU
		{84B7B06D-E13A-4853-8E72-EEA3C8AB4A64}.Release|iPhoneSimulator.Build.0 = Release|Any CPU
		{84B7B06D-E13A-4853-8E72-EEA3C8AB4A64}.Debug|iPhone.ActiveCfg = Debug|Any CPU
		{84B7B06D-E13A-4853-8E72-EEA3C8AB4A64}.Debug|iPhone.Build.0 = Debug|Any CPU
		{84B7B06D-E13A-4853-8E72-EEA3C8AB4A64}.Release|iPhone.ActiveCfg = Release|Any CPU
		{84B7B06D-E13A-4853-8E72-EEA3C8AB4A64}.Release|iPhone.Build.0 = Release|Any CPU
		{84B7B06D-E13A-4853-8E72-EEA3C8AB4A64}.Ad-Hoc|iPhone.ActiveCfg = Debug|Any CPU
		{84B7B06D-E13A-4853-8E72-EEA3C8AB4A64}.Ad-Hoc|iPhone.Build.0 = Debug|Any CPU
		{84B7B06D-E13A-4853-8E72-EEA3C8AB4A64}.AppStore|iPhone.ActiveCfg = Debug|Any CPU
		{84B7B06D-E13A-4853-8E72-EEA3C8AB4A64}.AppStore|iPhone.Build.0 = Debug|Any CPU
	EndGlobalSection
EndGlobal
